
Microsoft Visual Studio Solution File, Format Version 12.00
# Visual Studio 14
VisualStudioVersion = 14.0.25420.1
MinimumVisualStudioVersion = 10.0.40219.1
Project("{2150E333-8FDC-42A3-9474-1A3956D46DE8}") = "Solution Items", "Solution Items", "{F4878CB8-04DD-46F4-B02C-6E70A2BCBC6E}"
	ProjectSection(SolutionItems) = preProject
		global.json = global.json
	EndProjectSection
EndProject
Project("{2150E333-8FDC-42A3-9474-1A3956D46DE8}") = "src", "src", "{8907DED9-C629-4408-8673-952BB2AB0BDB}"
EndProject
Project("{8BB2217D-0F2D-49D1-97BC-3654ED321F3B}") = "Wodsoft.WebPresentation.Core", "src\Wodsoft.WebPresentation.Core\Wodsoft.WebPresentation.Core.xproj", "{05A7E736-0D46-409C-B326-56C22B129644}"
EndProject
Project("{8BB2217D-0F2D-49D1-97BC-3654ED321F3B}") = "Wodsoft.WebPresentation", "src\Wodsoft.WebPresentation\Wodsoft.WebPresentation.xproj", "{C5C8C007-E8C6-4FFD-9AD5-CCF9412A3585}"
EndProject
Project("{8BB2217D-0F2D-49D1-97BC-3654ED321F3B}") = "Wodsoft.WebPresentation.AspNetCore", "src\Wodsoft.WebPresentation.AspNetCore\Wodsoft.WebPresentation.AspNetCore.xproj", "{26B4FA6D-F87A-4C1C-8D46-B8335379DBBD}"
EndProject
Project("{8BB2217D-0F2D-49D1-97BC-3654ED321F3B}") = "Wodsoft.WebPresentation.AspNetCore.Mvc", "src\Wodsoft.WebPresentation.AspNetCore.Mvc\Wodsoft.WebPresentation.AspNetCore.Mvc.xproj", "{E23DF653-67BD-4D18-922C-4745850D94D9}"
EndProject
Project("{2150E333-8FDC-42A3-9474-1A3956D46DE8}") = "test", "test", "{FA892EAF-612B-437D-91CB-E92C63B1966E}"
EndProject
Project("{8BB2217D-0F2D-49D1-97BC-3654ED321F3B}") = "Wodsoft.WebPresentation.Visualization", "src\Wodsoft.WebPresentation.Visualization\Wodsoft.WebPresentation.Visualization.xproj", "{3E62557B-E91A-4526-8614-D8C4F9F8F555}"
EndProject
Global
	GlobalSection(SolutionConfigurationPlatforms) = preSolution
		Debug|Any CPU = Debug|Any CPU
		Release|Any CPU = Release|Any CPU
	EndGlobalSection
	GlobalSection(ProjectConfigurationPlatforms) = postSolution
		{05A7E736-0D46-409C-B326-56C22B129644}.Debug|Any CPU.ActiveCfg = Debug|Any CPU
		{05A7E736-0D46-409C-B326-56C22B129644}.Debug|Any CPU.Build.0 = Debug|Any CPU
		{05A7E736-0D46-409C-B326-56C22B129644}.Release|Any CPU.ActiveCfg = Release|Any CPU
		{05A7E736-0D46-409C-B326-56C22B129644}.Release|Any CPU.Build.0 = Release|Any CPU
		{C5C8C007-E8C6-4FFD-9AD5-CCF9412A3585}.Debug|Any CPU.ActiveCfg = Debug|Any CPU
		{C5C8C007-E8C6-4FFD-9AD5-CCF9412A3585}.Debug|Any CPU.Build.0 = Debug|Any CPU
		{C5C8C007-E8C6-4FFD-9AD5-CCF9412A3585}.Release|Any CPU.ActiveCfg = Release|Any CPU
		{C5C8C007-E8C6-4FFD-9AD5-CCF9412A3585}.Release|Any CPU.Build.0 = Release|Any CPU
		{26B4FA6D-F87A-4C1C-8D46-B8335379DBBD}.Debug|Any CPU.ActiveCfg = Debug|Any CPU
		{26B4FA6D-F87A-4C1C-8D46-B8335379DBBD}.Debug|Any CPU.Build.0 = Debug|Any CPU
		{26B4FA6D-F87A-4C1C-8D46-B8335379DBBD}.Release|Any CPU.ActiveCfg = Release|Any CPU
		{26B4FA6D-F87A-4C1C-8D46-B8335379DBBD}.Release|Any CPU.Build.0 = Release|Any CPU
		{E23DF653-67BD-4D18-922C-4745850D94D9}.Debug|Any CPU.ActiveCfg = Debug|Any CPU
		{E23DF653-67BD-4D18-922C-4745850D94D9}.Debug|Any CPU.Build.0 = Debug|Any CPU
		{E23DF653-67BD-4D18-922C-4745850D94D9}.Release|Any CPU.ActiveCfg = Release|Any CPU
		{E23DF653-67BD-4D18-922C-4745850D94D9}.Release|Any CPU.Build.0 = Release|Any CPU
		{3E62557B-E91A-4526-8614-D8C4F9F8F555}.Debug|Any CPU.ActiveCfg = Debug|Any CPU
		{3E62557B-E91A-4526-8614-D8C4F9F8F555}.Debug|Any CPU.Build.0 = Debug|Any CPU
		{3E62557B-E91A-4526-8614-D8C4F9F8F555}.Release|Any CPU.ActiveCfg = Release|Any CPU
		{3E62557B-E91A-4526-8614-D8C4F9F8F555}.Release|Any CPU.Build.0 = Release|Any CPU
	EndGlobalSection
	GlobalSection(SolutionProperties) = preSolution
		HideSolutionNode = FALSE
	EndGlobalSection
	GlobalSection(NestedProjects) = preSolution
		{05A7E736-0D46-409C-B326-56C22B129644} = {8907DED9-C629-4408-8673-952BB2AB0BDB}
		{C5C8C007-E8C6-4FFD-9AD5-CCF9412A3585} = {8907DED9-C629-4408-8673-952BB2AB0BDB}
		{26B4FA6D-F87A-4C1C-8D46-B8335379DBBD} = {8907DED9-C629-4408-8673-952BB2AB0BDB}
		{E23DF653-67BD-4D18-922C-4745850D94D9} = {8907DED9-C629-4408-8673-952BB2AB0BDB}
		{3E62557B-E91A-4526-8614-D8C4F9F8F555} = {8907DED9-C629-4408-8673-952BB2AB0BDB}
	EndGlobalSection
EndGlobal
