
Microsoft Visual Studio Solution File, Format Version 12.00
# Visual Studio Version 17
VisualStudioVersion = 17.4.33213.308
MinimumVisualStudioVersion = 10.0.40219.1
Project("{2150E333-8FDC-42A3-9474-1A3956D46DE8}") = "Solution Items", "Solution Items", "{F4878CB8-04DD-46F4-B02C-6E70A2BCBC6E}"
	ProjectSection(SolutionItems) = preProject
		README.md = README.md
	EndProjectSection
EndProject
Project("{2150E333-8FDC-42A3-9474-1A3956D46DE8}") = "src", "src", "{8907DED9-C629-4408-8673-952BB2AB0BDB}"
EndProject
Project("{2150E333-8FDC-42A3-9474-1A3956D46DE8}") = "test", "test", "{FA892EAF-612B-437D-91CB-E92C63B1966E}"
EndProject
Project("{9A19103F-16F7-4668-BE54-9A1E7A4F7556}") = "Wodsoft.WebPresentation.Core", "src\Wodsoft.WebPresentation.Core\Wodsoft.WebPresentation.Core.csproj", "{05A7E736-0D46-409C-B326-56C22B129644}"
EndProject
Project("{9A19103F-16F7-4668-BE54-9A1E7A4F7556}") = "Wodsoft.WebPresentation", "src\Wodsoft.WebPresentation\Wodsoft.WebPresentation.csproj", "{C5C8C007-E8C6-4FFD-9AD5-CCF9412A3585}"
EndProject
Project("{9A19103F-16F7-4668-BE54-9A1E7A4F7556}") = "Wodsoft.WebPresentation.Visualization", "src\Wodsoft.WebPresentation.Visualization\Wodsoft.WebPresentation.Visualization.csproj", "{3E62557B-E91A-4526-8614-D8C4F9F8F555}"
EndProject
Project("{9A19103F-16F7-4668-BE54-9A1E7A4F7556}") = "Wodsoft.WebPresentation.WebTest", "test\Wodsoft.WebPresentation.WebTest\Wodsoft.WebPresentation.WebTest.csproj", "{796D7D06-B4B0-4996-BEFB-4479A350E073}"
EndProject
Project("{9A19103F-16F7-4668-BE54-9A1E7A4F7556}") = "Wodsoft.Xaml", "src\Wodsoft.Xaml\Wodsoft.Xaml.csproj", "{10CD04B9-E751-47D3-B19D-E579138663E7}"
EndProject
Project("{9A19103F-16F7-4668-BE54-9A1E7A4F7556}") = "Wodsoft.WebPresentation.Runtime.WebAssembly", "src\Wodsoft.WebPresentation.Runtime.WebAssembly\Wodsoft.WebPresentation.Runtime.WebAssembly.csproj", "{396BE4AF-CC8E-4677-AE01-81911DE7293E}"
EndProject
Global
	GlobalSection(SolutionConfigurationPlatforms) = preSolution
		Debug|Any CPU = Debug|Any CPU
		Release|Any CPU = Release|Any CPU
	EndGlobalSection
	GlobalSection(ProjectConfigurationPlatforms) = postSolution
		{05A7E736-0D46-409C-B326-56C22B129644}.Debug|Any CPU.ActiveCfg = Debug|Any CPU
		{05A7E736-0D46-409C-B326-56C22B129644}.Debug|Any CPU.Build.0 = Debug|Any CPU
		{05A7E736-0D46-409C-B326-56C22B129644}.Release|Any CPU.ActiveCfg = Release|Any CPU
		{05A7E736-0D46-409C-B326-56C22B129644}.Release|Any CPU.Build.0 = Release|Any CPU
		{C5C8C007-E8C6-4FFD-9AD5-CCF9412A3585}.Debug|Any CPU.ActiveCfg = Debug|Any CPU
		{C5C8C007-E8C6-4FFD-9AD5-CCF9412A3585}.Debug|Any CPU.Build.0 = Debug|Any CPU
		{C5C8C007-E8C6-4FFD-9AD5-CCF9412A3585}.Release|Any CPU.ActiveCfg = Release|Any CPU
		{C5C8C007-E8C6-4FFD-9AD5-CCF9412A3585}.Release|Any CPU.Build.0 = Release|Any CPU
		{3E62557B-E91A-4526-8614-D8C4F9F8F555}.Debug|Any CPU.ActiveCfg = Debug|Any CPU
		{3E62557B-E91A-4526-8614-D8C4F9F8F555}.Debug|Any CPU.Build.0 = Debug|Any CPU
		{3E62557B-E91A-4526-8614-D8C4F9F8F555}.Release|Any CPU.ActiveCfg = Release|Any CPU
		{3E62557B-E91A-4526-8614-D8C4F9F8F555}.Release|Any CPU.Build.0 = Release|Any CPU
		{796D7D06-B4B0-4996-BEFB-4479A350E073}.Debug|Any CPU.ActiveCfg = Debug|Any CPU
		{796D7D06-B4B0-4996-BEFB-4479A350E073}.Debug|Any CPU.Build.0 = Debug|Any CPU
		{796D7D06-B4B0-4996-BEFB-4479A350E073}.Release|Any CPU.ActiveCfg = Release|Any CPU
		{796D7D06-B4B0-4996-BEFB-4479A350E073}.Release|Any CPU.Build.0 = Release|Any CPU
		{10CD04B9-E751-47D3-B19D-E579138663E7}.Debug|Any CPU.ActiveCfg = Debug|Any CPU
		{10CD04B9-E751-47D3-B19D-E579138663E7}.Debug|Any CPU.Build.0 = Debug|Any CPU
		{10CD04B9-E751-47D3-B19D-E579138663E7}.Release|Any CPU.ActiveCfg = Release|Any CPU
		{10CD04B9-E751-47D3-B19D-E579138663E7}.Release|Any CPU.Build.0 = Release|Any CPU
		{396BE4AF-CC8E-4677-AE01-81911DE7293E}.Debug|Any CPU.ActiveCfg = Debug|Any CPU
		{396BE4AF-CC8E-4677-AE01-81911DE7293E}.Debug|Any CPU.Build.0 = Debug|Any CPU
		{396BE4AF-CC8E-4677-AE01-81911DE7293E}.Release|Any CPU.ActiveCfg = Release|Any CPU
		{396BE4AF-CC8E-4677-AE01-81911DE7293E}.Release|Any CPU.Build.0 = Release|Any CPU
	EndGlobalSection
	GlobalSection(SolutionProperties) = preSolution
		HideSolutionNode = FALSE
	EndGlobalSection
	GlobalSection(NestedProjects) = preSolution
		{05A7E736-0D46-409C-B326-56C22B129644} = {8907DED9-C629-4408-8673-952BB2AB0BDB}
		{C5C8C007-E8C6-4FFD-9AD5-CCF9412A3585} = {8907DED9-C629-4408-8673-952BB2AB0BDB}
		{3E62557B-E91A-4526-8614-D8C4F9F8F555} = {8907DED9-C629-4408-8673-952BB2AB0BDB}
		{796D7D06-B4B0-4996-BEFB-4479A350E073} = {FA892EAF-612B-437D-91CB-E92C63B1966E}
		{10CD04B9-E751-47D3-B19D-E579138663E7} = {8907DED9-C629-4408-8673-952BB2AB0BDB}
		{396BE4AF-CC8E-4677-AE01-81911DE7293E} = {8907DED9-C629-4408-8673-952BB2AB0BDB}
	EndGlobalSection
	GlobalSection(ExtensibilityGlobals) = postSolution
		SolutionGuid = {CCD36971-8DA3-438A-A827-12916E6DE014}
	EndGlobalSection
EndGlobal
